# @generated - this file is auto-generated by `mise lock` https://mise.jdx.dev/dev-tools/mise-lock.html

[[tools.actionlint]]
version = "1.7.12"
backend = "aqua:rhysd/actionlint"

[tools.actionlint."platforms.linux-arm64"]
checksum = "sha256:325e971b6ba9bfa504672e29be93c24981eeb1c07576d730e9f7c8805afff0c6"
url = "https://github.com/rhysd/actionlint/releases/download/v1.7.12/actionlint_1.7.12_linux_arm64.tar.gz"
provenance = "github-attestations"

[tools.actionlint."platforms.linux-arm64-musl"]
checksum = "sha256:325e971b6ba9bfa504672e29be93c24981eeb1c07576d730e9f7c8805afff0c6"
url = "https://github.com/rhysd/actionlint/releases/download/v1.7.12/actionlint_1.7.12_linux_arm64.tar.gz"
provenance = "github-attestations"

[tools.actionlint."platforms.linux-x64"]
checksum = "sha256:8aca8db96f1b94770f1b0d72b6dddcb1ebb8123cb3712530b08cc387b349a3d8"
url = "https://github.com/rhysd/actionlint/releases/download/v1.7.12/actionlint_1.7.12_linux_amd64.tar.gz"
provenance = "github-attestations"

[tools.actionlint."platforms.linux-x64-musl"]
checksum = "sha256:8aca8db96f1b94770f1b0d72b6dddcb1ebb8123cb3712530b08cc387b349a3d8"
url = "https://github.com/rhysd/actionlint/releases/download/v1.7.12/actionlint_1.7.12_linux_amd64.tar.gz"
provenance = "github-attestations"

[tools.actionlint."platforms.macos-arm64"]
checksum = "sha256:aba9ced2dee8d27fecca3dc7feb1a7f9a52caefa1eb46f3271ea66b6e0e6953f"
url = "https://github.com/rhysd/actionlint/releases/download/v1.7.12/actionlint_1.7.12_darwin_arm64.tar.gz"
provenance = "github-attestations"

[tools.actionlint."platforms.macos-x64"]
checksum = "sha256:5b44c3bc2255115c9b69e30efc0fecdf498fdb63c5d58e17084fd5f16324c644"
url = "https://github.com/rhysd/actionlint/releases/download/v1.7.12/actionlint_1.7.12_darwin_amd64.tar.gz"
provenance = "github-attestations"

[tools.actionlint."platforms.windows-x64"]
checksum = "sha256:6e7241b51e6817ea6a047693d8e6fed13b31819c9a0dd6c5a726e1592d22f6e9"
url = "https://github.com/rhysd/actionlint/releases/download/v1.7.12/actionlint_1.7.12_windows_amd64.zip"
provenance = "github-attestations"

[[tools.dotnet]]
version = "8.0.420"
backend = "core:dotnet"

[[tools.github-cli]]
version = "2.92.0"
backend = "aqua:cli/cli"

[tools.github-cli."platforms.linux-arm64"]
checksum = "sha256:c2248526dd0160c08d3fccca2332c3c1a07c15a78b23978e77735f1b5a18cfee"
url = "https://github.com/cli/cli/releases/download/v2.92.0/gh_2.92.0_linux_arm64.tar.gz"

[tools.github-cli."platforms.linux-arm64-musl"]
checksum = "sha256:c2248526dd0160c08d3fccca2332c3c1a07c15a78b23978e77735f1b5a18cfee"
url = "https://github.com/cli/cli/releases/download/v2.92.0/gh_2.92.0_linux_arm64.tar.gz"

[tools.github-cli."platforms.linux-x64"]
checksum = "sha256:b57848131bdf0c229cd35e1f2a51aa718199858b2e728410b37e89a428943ec4"
url = "https://github.com/cli/cli/releases/download/v2.92.0/gh_2.92.0_linux_amd64.tar.gz"
provenance = "github-attestations"

[tools.github-cli."platforms.linux-x64-musl"]
checksum = "sha256:b57848131bdf0c229cd35e1f2a51aa718199858b2e728410b37e89a428943ec4"
url = "https://github.com/cli/cli/releases/download/v2.92.0/gh_2.92.0_linux_amd64.tar.gz"

[tools.github-cli."platforms.macos-arm64"]
checksum = "sha256:b11c54f6bd7d15ed6590475079e5b2fcf36f45d3991a80041b29c9d0cc1f1d07"
url = "https://github.com/cli/cli/releases/download/v2.92.0/gh_2.92.0_macOS_arm64.zip"

[tools.github-cli."platforms.macos-x64"]
checksum = "sha256:ae9bb327ab0d91071bdada79f8f14034a2a0f19b0e001835a782eafa519d2af0"
url = "https://github.com/cli/cli/releases/download/v2.92.0/gh_2.92.0_macOS_amd64.zip"

[tools.github-cli."platforms.windows-x64"]
checksum = "sha256:b6a8df3c8c6b9c80f290906387673bc4d272840f3789c5650e0e4e6e75522785"
url = "https://github.com/cli/cli/releases/download/v2.92.0/gh_2.92.0_windows_amd64.zip"

[[tools.go]]
version = "1.25.10"
backend = "core:go"

[tools.go."platforms.linux-arm64"]
checksum = "sha256:654da1f9b50a5d1c2a85ccf8ed405aa89c06e94d18384628bf186f7712677b08"
url = "https://dl.google.com/go/go1.25.10.linux-arm64.tar.gz"

[tools.go."platforms.linux-arm64-musl"]
checksum = "sha256:654da1f9b50a5d1c2a85ccf8ed405aa89c06e94d18384628bf186f7712677b08"
url = "https://dl.google.com/go/go1.25.10.linux-arm64.tar.gz"

[tools.go."platforms.linux-x64"]
checksum = "sha256:42d4f7a32316aa66591eca7e89867256057a4264451aca10570a715b3637ba70"
url = "https://dl.google.com/go/go1.25.10.linux-amd64.tar.gz"

[tools.go."platforms.linux-x64-musl"]
checksum = "sha256:42d4f7a32316aa66591eca7e89867256057a4264451aca10570a715b3637ba70"
url = "https://dl.google.com/go/go1.25.10.linux-amd64.tar.gz"

[tools.go."platforms.macos-arm64"]
checksum = "sha256:795691a425de7e7cdba3544f354dcd2cebcf52e87dc6898193878f34eb6d634f"
url = "https://dl.google.com/go/go1.25.10.darwin-arm64.tar.gz"

[tools.go."platforms.macos-x64"]
checksum = "sha256:52321165a3146cd91865ef98371506a846ed4dc4f9f1c9323e5ad90d2a411e06"
url = "https://dl.google.com/go/go1.25.10.darwin-amd64.tar.gz"

[tools.go."platforms.windows-x64"]
checksum = "sha256:ca37af2dadd8544464f1a9ca7c3886499d1cdfcb263855d0a1d71f194b2bd222"
url = "https://dl.google.com/go/go1.25.10.windows-amd64.zip"

[[tools."go:github.com/pulumi/pulumictl/cmd/pulumictl"]]
version = "0.0.50"
backend = "go:github.com/pulumi/pulumictl/cmd/pulumictl"

[[tools."go:github.com/pulumi/upgrade-provider"]]
version = "main"
backend = "go:github.com/pulumi/upgrade-provider"

[[tools."go:golang.org/x/tools/gopls"]]
version = "0.21.1"
backend = "go:golang.org/x/tools/gopls"

[[tools.golangci-lint]]
version = "2.12.2"
backend = "aqua:golangci/golangci-lint"

[tools.golangci-lint."platforms.linux-arm64"]
checksum = "sha256:44cd40a8c76c86755375adfeea52cfd3533cb43d7bd647771e0ae065e166df3a"
url = "https://github.com/golangci/golangci-lint/releases/download/v2.12.2/golangci-lint-2.12.2-linux-arm64.tar.gz"

[tools.golangci-lint."platforms.linux-arm64-musl"]
checksum = "sha256:44cd40a8c76c86755375adfeea52cfd3533cb43d7bd647771e0ae065e166df3a"
url = "https://github.com/golangci/golangci-lint/releases/download/v2.12.2/golangci-lint-2.12.2-linux-arm64.tar.gz"

[tools.golangci-lint."platforms.linux-x64"]
checksum = "sha256:8df580d2670fed8fa984aac0507099af8df275e665215f5c7a2ae3943893a553"
url = "https://github.com/golangci/golangci-lint/releases/download/v2.12.2/golangci-lint-2.12.2-linux-amd64.tar.gz"
provenance = "github-attestations"

[tools.golangci-lint."platforms.linux-x64-musl"]
checksum = "sha256:8df580d2670fed8fa984aac0507099af8df275e665215f5c7a2ae3943893a553"
url = "https://github.com/golangci/golangci-lint/releases/download/v2.12.2/golangci-lint-2.12.2-linux-amd64.tar.gz"

[tools.golangci-lint."platforms.macos-arm64"]
checksum = "sha256:a9c54498731b3128f79e090be6110f3e5fffccc617b08142ed244d4126c73f29"
url = "https://github.com/golangci/golangci-lint/releases/download/v2.12.2/golangci-lint-2.12.2-darwin-arm64.tar.gz"

[tools.golangci-lint."platforms.macos-x64"]
checksum = "sha256:f6f06d94b6241521c53d15450c5209b028270bf966f842afb11c030c79f5bc16"
url = "https://github.com/golangci/golangci-lint/releases/download/v2.12.2/golangci-lint-2.12.2-darwin-amd64.tar.gz"

[tools.golangci-lint."platforms.windows-x64"]
checksum = "sha256:bd42e3ebc8cb4ececb86941983baaf1dc221bbb04d838e94ce63b49cc91e02bb"
url = "https://github.com/golangci/golangci-lint/releases/download/v2.12.2/golangci-lint-2.12.2-windows-amd64.zip"

[[tools.hk]]
version = "1.45.0"
backend = "aqua:jdx/hk"

[tools.hk."platforms.linux-arm64"]
checksum = "sha256:22293f9c742f0def32299689022891ced7c5c9d5024c91afd33a83e6f714686c"
url = "https://github.com/jdx/hk/releases/download/v1.45.0/hk-aarch64-unknown-linux-gnu.tar.gz"

[tools.hk."platforms.linux-arm64-musl"]
checksum = "sha256:22293f9c742f0def32299689022891ced7c5c9d5024c91afd33a83e6f714686c"
url = "https://github.com/jdx/hk/releases/download/v1.45.0/hk-aarch64-unknown-linux-gnu.tar.gz"

[tools.hk."platforms.linux-x64"]
checksum = "sha256:47a3338403f689cc295d36213cfede4e1098c335d18064416ea9ac2b9739c148"
url = "https://github.com/jdx/hk/releases/download/v1.45.0/hk-x86_64-unknown-linux-gnu.tar.gz"

[tools.hk."platforms.linux-x64-musl"]
checksum = "sha256:47a3338403f689cc295d36213cfede4e1098c335d18064416ea9ac2b9739c148"
url = "https://github.com/jdx/hk/releases/download/v1.45.0/hk-x86_64-unknown-linux-gnu.tar.gz"

[tools.hk."platforms.macos-arm64"]
checksum = "sha256:17bd1d9eccbfc894c4b0191871a964dc67df80c1bfbee072e5c12d4bb893a8a6"
url = "https://github.com/jdx/hk/releases/download/v1.45.0/hk-aarch64-apple-darwin.tar.gz"

[tools.hk."platforms.windows-x64"]
checksum = "sha256:94c7c460d05748524a96583b656e8dec31a11a30ce6a997b9a5b5d8ec4d1b7e7"
url = "https://github.com/jdx/hk/releases/download/v1.45.0/hk-x86_64-pc-windows-msvc.zip"

[[tools.java]]
version = "corretto-11.0.31.11.1"
backend = "core:java"

[tools.java."platforms.linux-x64"]
checksum = "sha256:70f6ff3668f27d1052f9e26c7a00d601774a556a49e6e9e7faa9d510ae1d0dbe"
url = "https://corretto.aws/downloads/resources/11.0.31.11.1/amazon-corretto-11.0.31.11.1-linux-x64.tar.gz"

[[tools.node]]
version = "22.22.2"
backend = "core:node"

[tools.node."platforms.linux-arm64"]
checksum = "sha256:b2f3a96f31486bfc365192ad65ced14833ad2a3c2e1bcefec4846902f264fa28"
url = "https://nodejs.org/dist/v22.22.2/node-v22.22.2-linux-arm64.tar.gz"

[tools.node."platforms.linux-arm64-musl"]
checksum = "sha256:7771e3d7bab8078232c9a7702b8423d4f7d1e5227f2339f8ccb64e5040e23a31"
url = "https://unofficial-builds.nodejs.org/download/release/v22.22.2/node-v22.22.2-linux-arm64-musl.tar.gz"

[tools.node."platforms.linux-x64"]
checksum = "sha256:978978a635eef872fa68beae09f0aad0bbbae6757e444da80b570964a97e62a3"
url = "https://nodejs.org/dist/v22.22.2/node-v22.22.2-linux-x64.tar.gz"

[tools.node."platforms.linux-x64-musl"]
checksum = "sha256:2231afd019f2f490ba921a25ba575f1f67e394441407be0491bb878f2823c976"
url = "https://unofficial-builds.nodejs.org/download/release/v22.22.2/node-v22.22.2-linux-x64-musl.tar.gz"

[tools.node."platforms.macos-arm64"]
checksum = "sha256:db4b275b83736df67533529a18cc55de2549a8329ace6c7bcc68f8d22d3c9000"
url = "https://nodejs.org/dist/v22.22.2/node-v22.22.2-darwin-arm64.tar.gz"

[tools.node."platforms.macos-x64"]
checksum = "sha256:12a6abb9c2902cf48a21120da13f87fde1ed1b71a13330712949e8db818708ba"
url = "https://nodejs.org/dist/v22.22.2/node-v22.22.2-darwin-x64.tar.gz"

[tools.node."platforms.windows-x64"]
checksum = "sha256:7c93e9d92bf68c07182b471aa187e35ee6cd08ef0f24ab060dfff605fcc1c57c"
url = "https://nodejs.org/dist/v22.22.2/node-v22.22.2-win-x64.zip"

[[tools.pkl]]
version = "0.31.1"
backend = "aqua:apple/pkl"

[tools.pkl."platforms.linux-arm64"]
checksum = "sha256:7ef10e743daa921fb94ae7bdb9ec6986f362bf250c55814b9ea2aeb13f2d083e"
url = "https://github.com/apple/pkl/releases/download/0.31.1/pkl-linux-aarch64"

[tools.pkl."platforms.linux-arm64-musl"]
checksum = "sha256:7ef10e743daa921fb94ae7bdb9ec6986f362bf250c55814b9ea2aeb13f2d083e"
url = "https://github.com/apple/pkl/releases/download/0.31.1/pkl-linux-aarch64"

[tools.pkl."platforms.linux-x64"]
checksum = "sha256:618f13955d755cafbfe8c9cba1d27635848cd49dbc6abffd398d2751db1231bf"
url = "https://github.com/apple/pkl/releases/download/0.31.1/pkl-linux-amd64"

[tools.pkl."platforms.linux-x64-musl"]
checksum = "sha256:618f13955d755cafbfe8c9cba1d27635848cd49dbc6abffd398d2751db1231bf"
url = "https://github.com/apple/pkl/releases/download/0.31.1/pkl-linux-amd64"

[tools.pkl."platforms.macos-arm64"]
checksum = "sha256:1b6a5438d9624cd2798a7530721bbbfa27ef72efe5c878a1b6c546c6e7ca0e8f"
url = "https://github.com/apple/pkl/releases/download/0.31.1/pkl-macos-aarch64"

[tools.pkl."platforms.macos-x64"]
checksum = "sha256:22123ed4ae4c03afa8c54c69f77f0bec39b0fa0f67b09d6d148e0a376a2a471d"
url = "https://github.com/apple/pkl/releases/download/0.31.1/pkl-macos-amd64"

[tools.pkl."platforms.windows-x64"]
checksum = "sha256:a8834481667325b44c539dbb758d7365a16389070f343c04b639bbe525ede013"
url = "https://github.com/apple/pkl/releases/download/0.31.1/pkl-windows-amd64.exe"

[[tools.pulumi]]
version = "3.237.0"
backend = "aqua:pulumi/pulumi"

[tools.pulumi."platforms.linux-arm64"]
checksum = "sha256:a3b586194f1022c856050a0aa3af7699c007640a2bc5a13a8b99aa9dd40b80fc"
url = "https://github.com/pulumi/pulumi/releases/download/v3.237.0/pulumi-v3.237.0-linux-arm64.tar.gz"
provenance = "cosign"

[tools.pulumi."platforms.linux-arm64-musl"]
checksum = "sha256:a3b586194f1022c856050a0aa3af7699c007640a2bc5a13a8b99aa9dd40b80fc"
url = "https://github.com/pulumi/pulumi/releases/download/v3.237.0/pulumi-v3.237.0-linux-arm64.tar.gz"
provenance = "cosign"

[tools.pulumi."platforms.linux-x64"]
checksum = "sha256:7264e8140d27ec63ca7a0c2dbe1396bcb53bbb7850777337cf56ae0bccd3e840"
url = "https://github.com/pulumi/pulumi/releases/download/v3.237.0/pulumi-v3.237.0-linux-x64.tar.gz"
provenance = "cosign"

[tools.pulumi."platforms.linux-x64-musl"]
checksum = "sha256:7264e8140d27ec63ca7a0c2dbe1396bcb53bbb7850777337cf56ae0bccd3e840"
url = "https://github.com/pulumi/pulumi/releases/download/v3.237.0/pulumi-v3.237.0-linux-x64.tar.gz"
provenance = "cosign"

[tools.pulumi."platforms.macos-arm64"]
checksum = "sha256:893bd5f7d513a930c7cd88ec28a84d274ce3bf9373f35de8e232e2085d6c0512"
url = "https://github.com/pulumi/pulumi/releases/download/v3.237.0/pulumi-v3.237.0-darwin-arm64.tar.gz"
provenance = "cosign"

[tools.pulumi."platforms.macos-x64"]
checksum = "sha256:cee40c9a358d64a43920bd61c250fb4c37db6e77b78b4f939c594f7c0577f543"
url = "https://github.com/pulumi/pulumi/releases/download/v3.237.0/pulumi-v3.237.0-darwin-x64.tar.gz"
provenance = "cosign"

[tools.pulumi."platforms.windows-x64"]
checksum = "sha256:e89da6a7002343f8781e42fd20708b934ba2d21d146f1be4ac1722e5d233a520"
url = "https://github.com/pulumi/pulumi/releases/download/v3.237.0/pulumi-v3.237.0-windows-x64.zip"
provenance = "cosign"

[[tools.python]]
version = "3.11.15"
backend = "core:python"

[tools.python."platforms.linux-arm64"]
checksum = "sha256:e244df64d3f281d2cf33f492499a33a1cf5d872936ffc402ece48b833819c2a7"
url = "https://github.com/astral-sh/python-build-standalone/releases/download/20260414/cpython-3.11.15+20260414-aarch64-unknown-linux-gnu-install_only_stripped.tar.gz"
provenance = "github-attestations"

[tools.python."platforms.linux-arm64-musl"]
checksum = "sha256:0992a56583cc9dd22915413cea71f1d7df94c266f4e9790f32968f47f1f88109"
url = "https://github.com/astral-sh/python-build-standalone/releases/download/20260414/cpython-3.11.15+20260414-aarch64-unknown-linux-musl-install_only_stripped.tar.gz"
provenance = "github-attestations"

[tools.python."platforms.linux-x64"]
checksum = "sha256:b702a19b26cbd007abf9ccbaa45dfdff99e9dbd646d89c9f3c9bb7b501aea44f"
url = "https://github.com/astral-sh/python-build-standalone/releases/download/20260414/cpython-3.11.15+20260414-x86_64-unknown-linux-gnu-install_only_stripped.tar.gz"
provenance = "github-attestations"

[tools.python."platforms.linux-x64-musl"]
checksum = "sha256:fe527bf795cc18e0430e73bfabb82d0427f6f6af00596b3534934c9ed325d50a"
url = "https://github.com/astral-sh/python-build-standalone/releases/download/20260414/cpython-3.11.15+20260414-x86_64-unknown-linux-musl-install_only_stripped.tar.gz"
provenance = "github-attestations"

[tools.python."platforms.macos-arm64"]
checksum = "sha256:7089d127a9933d860b3e4ae704234c664d2713825f27c0c6b89dd399adabbdf6"
url = "https://github.com/astral-sh/python-build-standalone/releases/download/20260414/cpython-3.11.15+20260414-aarch64-apple-darwin-install_only_stripped.tar.gz"
provenance = "github-attestations"

[tools.python."platforms.macos-x64"]
checksum = "sha256:7a7891dae2d45cd03e9a029db87923e913a0e9ed77fe03173c5c462ccedae594"
url = "https://github.com/astral-sh/python-build-standalone/releases/download/20260414/cpython-3.11.15+20260414-x86_64-apple-darwin-install_only_stripped.tar.gz"
provenance = "github-attestations"

[tools.python."platforms.windows-x64"]
checksum = "sha256:71ffdf290e0483f0881e02518ecb9cedb449807856ae7dc76aa630e5acd00919"
url = "https://github.com/astral-sh/python-build-standalone/releases/download/20260414/cpython-3.11.15+20260414-x86_64-pc-windows-msvc-install_only_stripped.tar.gz"
provenance = "github-attestations"

[[tools.taplo]]
version = "0.10.0"
backend = "aqua:tamasfe/taplo"

[tools.taplo."platforms.linux-arm64"]
url = "https://github.com/tamasfe/taplo/releases/download/0.10.0/taplo-linux-aarch64.gz"

[tools.taplo."platforms.linux-arm64-musl"]
url = "https://github.com/tamasfe/taplo/releases/download/0.10.0/taplo-linux-aarch64.gz"

[tools.taplo."platforms.linux-x64"]
checksum = "blake3:4871fab0e60275a1eb46e7190726e144f56c9a9527f59b0d1da5a042baead8e2"
url = "https://github.com/tamasfe/taplo/releases/download/0.10.0/taplo-linux-x86_64.gz"

[tools.taplo."platforms.linux-x64-musl"]
url = "https://github.com/tamasfe/taplo/releases/download/0.10.0/taplo-linux-x86_64.gz"

[tools.taplo."platforms.macos-arm64"]
url = "https://github.com/tamasfe/taplo/releases/download/0.10.0/taplo-darwin-aarch64.gz"

[tools.taplo."platforms.macos-x64"]
url = "https://github.com/tamasfe/taplo/releases/download/0.10.0/taplo-darwin-x86_64.gz"

[tools.taplo."platforms.windows-x64"]
url = "https://github.com/tamasfe/taplo/releases/download/0.10.0/taplo-windows-x86_64.zip"

[[tools.uv]]
version = "0.11.12"
backend = "aqua:astral-sh/uv"

[tools.uv."platforms.linux-arm64"]
checksum = "sha256:b70e87f15f12d750d218042c4ed36e41de0757eab249d332ee2e242e4174b5d5"
url = "https://github.com/astral-sh/uv/releases/download/0.11.12/uv-aarch64-unknown-linux-musl.tar.gz"

[tools.uv."platforms.linux-arm64-musl"]
checksum = "sha256:b70e87f15f12d750d218042c4ed36e41de0757eab249d332ee2e242e4174b5d5"
url = "https://github.com/astral-sh/uv/releases/download/0.11.12/uv-aarch64-unknown-linux-musl.tar.gz"

[tools.uv."platforms.linux-x64"]
checksum = "sha256:591a7557f5ba7e51565f338dd4c50cebc12820ec2ebb8403a4304685f8d53ab9"
url = "https://github.com/astral-sh/uv/releases/download/0.11.12/uv-x86_64-unknown-linux-musl.tar.gz"
provenance = "github-attestations"

[tools.uv."platforms.linux-x64-musl"]
checksum = "sha256:591a7557f5ba7e51565f338dd4c50cebc12820ec2ebb8403a4304685f8d53ab9"
url = "https://github.com/astral-sh/uv/releases/download/0.11.12/uv-x86_64-unknown-linux-musl.tar.gz"

[tools.uv."platforms.macos-arm64"]
checksum = "sha256:bb7c6ef869ec00cd1452f4884acf23d00b153c356ba9197ae99a1bc1ceadb7f3"
url = "https://github.com/astral-sh/uv/releases/download/0.11.12/uv-aarch64-apple-darwin.tar.gz"

[tools.uv."platforms.macos-x64"]
checksum = "sha256:32fb217e6181384bf6534b31adcc66cd552eff98643c4bb35832be8552486912"
url = "https://github.com/astral-sh/uv/releases/download/0.11.12/uv-x86_64-apple-darwin.tar.gz"

[tools.uv."platforms.windows-x64"]
checksum = "sha256:e46956a6b088a0382101c797eef945c1b03826e629e968d434cf838d42d85b6b"
url = "https://github.com/astral-sh/uv/releases/download/0.11.12/uv-x86_64-pc-windows-msvc.zip"

[[tools.yamllint]]
version = "1.38.0"
backend = "pipx:yamllint"
