# @generated - this file is auto-generated by `mise lock` https://mise.en.dev/dev-tools/mise-lock.html

[[tools.dotnet]]
version = "8.0.420"
backend = "core:dotnet"

[[tools.go]]
version = "1.25.10"
backend = "core:go"

[tools.go."platforms.linux-arm64"]
checksum = "sha256:654da1f9b50a5d1c2a85ccf8ed405aa89c06e94d18384628bf186f7712677b08"
url = "https://dl.google.com/go/go1.25.10.linux-arm64.tar.gz"

[tools.go."platforms.linux-arm64-musl"]
checksum = "sha256:654da1f9b50a5d1c2a85ccf8ed405aa89c06e94d18384628bf186f7712677b08"
url = "https://dl.google.com/go/go1.25.10.linux-arm64.tar.gz"

[tools.go."platforms.linux-x64"]
checksum = "sha256:42d4f7a32316aa66591eca7e89867256057a4264451aca10570a715b3637ba70"
url = "https://dl.google.com/go/go1.25.10.linux-amd64.tar.gz"

[tools.go."platforms.linux-x64-musl"]
checksum = "sha256:42d4f7a32316aa66591eca7e89867256057a4264451aca10570a715b3637ba70"
url = "https://dl.google.com/go/go1.25.10.linux-amd64.tar.gz"

[tools.go."platforms.macos-arm64"]
checksum = "sha256:795691a425de7e7cdba3544f354dcd2cebcf52e87dc6898193878f34eb6d634f"
url = "https://dl.google.com/go/go1.25.10.darwin-arm64.tar.gz"

[tools.go."platforms.macos-x64"]
checksum = "sha256:52321165a3146cd91865ef98371506a846ed4dc4f9f1c9323e5ad90d2a411e06"
url = "https://dl.google.com/go/go1.25.10.darwin-amd64.tar.gz"

[tools.go."platforms.windows-x64"]
checksum = "sha256:ca37af2dadd8544464f1a9ca7c3886499d1cdfcb263855d0a1d71f194b2bd222"
url = "https://dl.google.com/go/go1.25.10.windows-amd64.zip"

[[tools."go:github.com/pulumi/pulumictl/cmd/pulumictl"]]
version = "0.0.50"
backend = "go:github.com/pulumi/pulumictl/cmd/pulumictl"

[[tools.golangci-lint]]
version = "2.12.2"
backend = "aqua:golangci/golangci-lint"

[tools.golangci-lint."platforms.linux-arm64"]
checksum = "sha256:44cd40a8c76c86755375adfeea52cfd3533cb43d7bd647771e0ae065e166df3a"
url = "https://github.com/golangci/golangci-lint/releases/download/v2.12.2/golangci-lint-2.12.2-linux-arm64.tar.gz"
provenance = "github-attestations"

[tools.golangci-lint."platforms.linux-arm64-musl"]
checksum = "sha256:44cd40a8c76c86755375adfeea52cfd3533cb43d7bd647771e0ae065e166df3a"
url = "https://github.com/golangci/golangci-lint/releases/download/v2.12.2/golangci-lint-2.12.2-linux-arm64.tar.gz"
provenance = "github-attestations"

[tools.golangci-lint."platforms.linux-x64"]
checksum = "sha256:8df580d2670fed8fa984aac0507099af8df275e665215f5c7a2ae3943893a553"
url = "https://github.com/golangci/golangci-lint/releases/download/v2.12.2/golangci-lint-2.12.2-linux-amd64.tar.gz"
provenance = "github-attestations"

[tools.golangci-lint."platforms.linux-x64-musl"]
checksum = "sha256:8df580d2670fed8fa984aac0507099af8df275e665215f5c7a2ae3943893a553"
url = "https://github.com/golangci/golangci-lint/releases/download/v2.12.2/golangci-lint-2.12.2-linux-amd64.tar.gz"
provenance = "github-attestations"

[tools.golangci-lint."platforms.macos-arm64"]
checksum = "sha256:a9c54498731b3128f79e090be6110f3e5fffccc617b08142ed244d4126c73f29"
url = "https://github.com/golangci/golangci-lint/releases/download/v2.12.2/golangci-lint-2.12.2-darwin-arm64.tar.gz"
provenance = "github-attestations"

[tools.golangci-lint."platforms.macos-x64"]
checksum = "sha256:f6f06d94b6241521c53d15450c5209b028270bf966f842afb11c030c79f5bc16"
url = "https://github.com/golangci/golangci-lint/releases/download/v2.12.2/golangci-lint-2.12.2-darwin-amd64.tar.gz"
provenance = "github-attestations"

[tools.golangci-lint."platforms.windows-x64"]
checksum = "sha256:bd42e3ebc8cb4ececb86941983baaf1dc221bbb04d838e94ce63b49cc91e02bb"
url = "https://github.com/golangci/golangci-lint/releases/download/v2.12.2/golangci-lint-2.12.2-windows-amd64.zip"
provenance = "github-attestations"

[[tools.node]]
version = "22.22.2"
backend = "core:node"

[tools.node."platforms.linux-arm64"]
checksum = "sha256:b2f3a96f31486bfc365192ad65ced14833ad2a3c2e1bcefec4846902f264fa28"
url = "https://nodejs.org/dist/v22.22.2/node-v22.22.2-linux-arm64.tar.gz"

[tools.node."platforms.linux-arm64-musl"]
checksum = "sha256:7771e3d7bab8078232c9a7702b8423d4f7d1e5227f2339f8ccb64e5040e23a31"
url = "https://unofficial-builds.nodejs.org/download/release/v22.22.2/node-v22.22.2-linux-arm64-musl.tar.gz"

[tools.node."platforms.linux-x64"]
checksum = "sha256:978978a635eef872fa68beae09f0aad0bbbae6757e444da80b570964a97e62a3"
url = "https://nodejs.org/dist/v22.22.2/node-v22.22.2-linux-x64.tar.gz"

[tools.node."platforms.linux-x64-musl"]
checksum = "sha256:2231afd019f2f490ba921a25ba575f1f67e394441407be0491bb878f2823c976"
url = "https://unofficial-builds.nodejs.org/download/release/v22.22.2/node-v22.22.2-linux-x64-musl.tar.gz"

[tools.node."platforms.macos-arm64"]
checksum = "sha256:db4b275b83736df67533529a18cc55de2549a8329ace6c7bcc68f8d22d3c9000"
url = "https://nodejs.org/dist/v22.22.2/node-v22.22.2-darwin-arm64.tar.gz"

[tools.node."platforms.macos-x64"]
checksum = "sha256:12a6abb9c2902cf48a21120da13f87fde1ed1b71a13330712949e8db818708ba"
url = "https://nodejs.org/dist/v22.22.2/node-v22.22.2-darwin-x64.tar.gz"

[tools.node."platforms.windows-x64"]
checksum = "sha256:7c93e9d92bf68c07182b471aa187e35ee6cd08ef0f24ab060dfff605fcc1c57c"
url = "https://nodejs.org/dist/v22.22.2/node-v22.22.2-win-x64.zip"

[[tools.pulumi]]
version = "3.237.0"
backend = "aqua:pulumi/pulumi"

[tools.pulumi."platforms.linux-arm64"]
checksum = "sha256:a3b586194f1022c856050a0aa3af7699c007640a2bc5a13a8b99aa9dd40b80fc"
url = "https://github.com/pulumi/pulumi/releases/download/v3.237.0/pulumi-v3.237.0-linux-arm64.tar.gz"
provenance = "cosign"

[tools.pulumi."platforms.linux-arm64-musl"]
checksum = "sha256:a3b586194f1022c856050a0aa3af7699c007640a2bc5a13a8b99aa9dd40b80fc"
url = "https://github.com/pulumi/pulumi/releases/download/v3.237.0/pulumi-v3.237.0-linux-arm64.tar.gz"
provenance = "cosign"

[tools.pulumi."platforms.linux-x64"]
checksum = "sha256:7264e8140d27ec63ca7a0c2dbe1396bcb53bbb7850777337cf56ae0bccd3e840"
url = "https://github.com/pulumi/pulumi/releases/download/v3.237.0/pulumi-v3.237.0-linux-x64.tar.gz"
provenance = "cosign"

[tools.pulumi."platforms.linux-x64-musl"]
checksum = "sha256:7264e8140d27ec63ca7a0c2dbe1396bcb53bbb7850777337cf56ae0bccd3e840"
url = "https://github.com/pulumi/pulumi/releases/download/v3.237.0/pulumi-v3.237.0-linux-x64.tar.gz"
provenance = "cosign"

[tools.pulumi."platforms.macos-arm64"]
checksum = "sha256:893bd5f7d513a930c7cd88ec28a84d274ce3bf9373f35de8e232e2085d6c0512"
url = "https://github.com/pulumi/pulumi/releases/download/v3.237.0/pulumi-v3.237.0-darwin-arm64.tar.gz"
provenance = "cosign"

[tools.pulumi."platforms.macos-x64"]
checksum = "sha256:cee40c9a358d64a43920bd61c250fb4c37db6e77b78b4f939c594f7c0577f543"
url = "https://github.com/pulumi/pulumi/releases/download/v3.237.0/pulumi-v3.237.0-darwin-x64.tar.gz"
provenance = "cosign"

[tools.pulumi."platforms.windows-x64"]
checksum = "sha256:e89da6a7002343f8781e42fd20708b934ba2d21d146f1be4ac1722e5d233a520"
url = "https://github.com/pulumi/pulumi/releases/download/v3.237.0/pulumi-v3.237.0-windows-x64.zip"
provenance = "cosign"

[[tools.python]]
version = "3.11.15"
backend = "core:python"

[tools.python."platforms.linux-arm64"]
checksum = "sha256:cbce0660e88cd9c56be7aaf2a2df92bea51f359388a521838b6b01817d728df0"
url = "https://github.com/astral-sh/python-build-standalone/releases/download/20260610/cpython-3.11.15+20260610-aarch64-unknown-linux-gnu-install_only_stripped.tar.gz"
provenance = "github-attestations"

[tools.python."platforms.linux-arm64-musl"]
checksum = "sha256:a55ea44225ee3741d4157c383f3d5c3e8eee5f9665e2ea069233486b4275d928"
url = "https://github.com/astral-sh/python-build-standalone/releases/download/20260610/cpython-3.11.15+20260610-aarch64-unknown-linux-musl-install_only_stripped.tar.gz"
provenance = "github-attestations"

[tools.python."platforms.linux-x64"]
checksum = "sha256:67a5b22f796e96f4d7fa628f95866d5fd1d524d0588f74e4601facd82b66792b"
url = "https://github.com/astral-sh/python-build-standalone/releases/download/20260610/cpython-3.11.15+20260610-x86_64-unknown-linux-gnu-install_only_stripped.tar.gz"
provenance = "github-attestations"

[tools.python."platforms.linux-x64-musl"]
checksum = "sha256:5a8544aa4303da3ca4b7505c98dd8453b671157039d25cd551e55abea0f83a60"
url = "https://github.com/astral-sh/python-build-standalone/releases/download/20260610/cpython-3.11.15+20260610-x86_64-unknown-linux-musl-install_only_stripped.tar.gz"
provenance = "github-attestations"

[tools.python."platforms.macos-arm64"]
checksum = "sha256:8c56f1f59142e0f9f8861ad897bdfd97fd84403afa7b3d8b0f33b208ec471355"
url = "https://github.com/astral-sh/python-build-standalone/releases/download/20260610/cpython-3.11.15+20260610-aarch64-apple-darwin-install_only_stripped.tar.gz"
provenance = "github-attestations"

[tools.python."platforms.macos-x64"]
checksum = "sha256:8cd3878c656ba1698314cbcb65f78df4c37b7c8eabff958558115c6db11adb3d"
url = "https://github.com/astral-sh/python-build-standalone/releases/download/20260610/cpython-3.11.15+20260610-x86_64-apple-darwin-install_only_stripped.tar.gz"
provenance = "github-attestations"

[tools.python."platforms.windows-x64"]
checksum = "sha256:f081a733b4e7ba0e5e5e12d533b3c795dbef3ecbebf92f0b4202e5329bf7c8ab"
url = "https://github.com/astral-sh/python-build-standalone/releases/download/20260610/cpython-3.11.15+20260610-x86_64-pc-windows-msvc-install_only_stripped.tar.gz"
provenance = "github-attestations"

[[tools.uv]]
version = "0.11.12"
backend = "aqua:astral-sh/uv"

[tools.uv."platforms.linux-arm64"]
checksum = "sha256:b70e87f15f12d750d218042c4ed36e41de0757eab249d332ee2e242e4174b5d5"
url = "https://github.com/astral-sh/uv/releases/download/0.11.12/uv-aarch64-unknown-linux-musl.tar.gz"
provenance = "github-attestations"

[tools.uv."platforms.linux-arm64-musl"]
checksum = "sha256:b70e87f15f12d750d218042c4ed36e41de0757eab249d332ee2e242e4174b5d5"
url = "https://github.com/astral-sh/uv/releases/download/0.11.12/uv-aarch64-unknown-linux-musl.tar.gz"
provenance = "github-attestations"

[tools.uv."platforms.linux-x64"]
checksum = "sha256:591a7557f5ba7e51565f338dd4c50cebc12820ec2ebb8403a4304685f8d53ab9"
url = "https://github.com/astral-sh/uv/releases/download/0.11.12/uv-x86_64-unknown-linux-musl.tar.gz"
provenance = "github-attestations"

[tools.uv."platforms.linux-x64-musl"]
checksum = "sha256:591a7557f5ba7e51565f338dd4c50cebc12820ec2ebb8403a4304685f8d53ab9"
url = "https://github.com/astral-sh/uv/releases/download/0.11.12/uv-x86_64-unknown-linux-musl.tar.gz"
provenance = "github-attestations"

[tools.uv."platforms.macos-arm64"]
checksum = "sha256:bb7c6ef869ec00cd1452f4884acf23d00b153c356ba9197ae99a1bc1ceadb7f3"
url = "https://github.com/astral-sh/uv/releases/download/0.11.12/uv-aarch64-apple-darwin.tar.gz"
provenance = "github-attestations"

[tools.uv."platforms.macos-x64"]
checksum = "sha256:32fb217e6181384bf6534b31adcc66cd552eff98643c4bb35832be8552486912"
url = "https://github.com/astral-sh/uv/releases/download/0.11.12/uv-x86_64-apple-darwin.tar.gz"
provenance = "github-attestations"

[tools.uv."platforms.windows-x64"]
checksum = "sha256:e46956a6b088a0382101c797eef945c1b03826e629e968d434cf838d42d85b6b"
url = "https://github.com/astral-sh/uv/releases/download/0.11.12/uv-x86_64-pc-windows-msvc.zip"
provenance = "github-attestations"
