# @generated - this file is auto-generated by `mise lock` https://mise.en.dev/dev-tools/mise-lock.html

[[tools.dotnet]]
version = "8.0.422"
backend = "core:dotnet"

[[tools.go]]
version = "1.25.11"
backend = "core:go"

[tools.go."platforms.linux-arm64"]
checksum = "sha256:c30bf9e156a54ea4e31fbbbf31a712b32734b58cc9a22426fa5ee632d0885124"
url = "https://dl.google.com/go/go1.25.11.linux-arm64.tar.gz"

[tools.go."platforms.linux-arm64-musl"]
checksum = "sha256:c30bf9e156a54ea4e31fbbbf31a712b32734b58cc9a22426fa5ee632d0885124"
url = "https://dl.google.com/go/go1.25.11.linux-arm64.tar.gz"

[tools.go."platforms.linux-x64"]
checksum = "sha256:34f14304e856893f4ba30c2cacfe93906e9de7915c5f6aaaf3a81cdccd7ba30b"
url = "https://dl.google.com/go/go1.25.11.linux-amd64.tar.gz"

[tools.go."platforms.linux-x64-musl"]
checksum = "sha256:34f14304e856893f4ba30c2cacfe93906e9de7915c5f6aaaf3a81cdccd7ba30b"
url = "https://dl.google.com/go/go1.25.11.linux-amd64.tar.gz"

[tools.go."platforms.macos-arm64"]
checksum = "sha256:cd8d4920e7930d55da1a5a57ba43a64b1305f71cdf2ca3c76cd8c549272b1680"
url = "https://dl.google.com/go/go1.25.11.darwin-arm64.tar.gz"

[tools.go."platforms.macos-x64"]
checksum = "sha256:26d0ee4071de42b5c332337db9fdd234072877697c547e46e85efb0f59507c66"
url = "https://dl.google.com/go/go1.25.11.darwin-amd64.tar.gz"

[tools.go."platforms.windows-x64"]
checksum = "sha256:b7401f1b41517428e537493316256fb7cf03c66a130a0103ab07f3a2152e2112"
url = "https://dl.google.com/go/go1.25.11.windows-amd64.zip"

[[tools."go:github.com/pulumi/pulumictl/cmd/pulumictl"]]
version = "0.0.50"
backend = "go:github.com/pulumi/pulumictl/cmd/pulumictl"

[[tools.golangci-lint]]
version = "2.12.2"
backend = "aqua:golangci/golangci-lint"

[tools.golangci-lint."platforms.linux-arm64"]
checksum = "sha256:44cd40a8c76c86755375adfeea52cfd3533cb43d7bd647771e0ae065e166df3a"
url = "https://github.com/golangci/golangci-lint/releases/download/v2.12.2/golangci-lint-2.12.2-linux-arm64.tar.gz"
provenance = "github-attestations"

[tools.golangci-lint."platforms.linux-arm64-musl"]
checksum = "sha256:44cd40a8c76c86755375adfeea52cfd3533cb43d7bd647771e0ae065e166df3a"
url = "https://github.com/golangci/golangci-lint/releases/download/v2.12.2/golangci-lint-2.12.2-linux-arm64.tar.gz"
provenance = "github-attestations"

[tools.golangci-lint."platforms.linux-x64"]
checksum = "sha256:8df580d2670fed8fa984aac0507099af8df275e665215f5c7a2ae3943893a553"
url = "https://github.com/golangci/golangci-lint/releases/download/v2.12.2/golangci-lint-2.12.2-linux-amd64.tar.gz"
provenance = "github-attestations"

[tools.golangci-lint."platforms.linux-x64-musl"]
checksum = "sha256:8df580d2670fed8fa984aac0507099af8df275e665215f5c7a2ae3943893a553"
url = "https://github.com/golangci/golangci-lint/releases/download/v2.12.2/golangci-lint-2.12.2-linux-amd64.tar.gz"
provenance = "github-attestations"

[tools.golangci-lint."platforms.macos-arm64"]
checksum = "sha256:a9c54498731b3128f79e090be6110f3e5fffccc617b08142ed244d4126c73f29"
url = "https://github.com/golangci/golangci-lint/releases/download/v2.12.2/golangci-lint-2.12.2-darwin-arm64.tar.gz"
provenance = "github-attestations"

[tools.golangci-lint."platforms.macos-x64"]
checksum = "sha256:f6f06d94b6241521c53d15450c5209b028270bf966f842afb11c030c79f5bc16"
url = "https://github.com/golangci/golangci-lint/releases/download/v2.12.2/golangci-lint-2.12.2-darwin-amd64.tar.gz"
provenance = "github-attestations"

[tools.golangci-lint."platforms.windows-x64"]
checksum = "sha256:bd42e3ebc8cb4ececb86941983baaf1dc221bbb04d838e94ce63b49cc91e02bb"
url = "https://github.com/golangci/golangci-lint/releases/download/v2.12.2/golangci-lint-2.12.2-windows-amd64.zip"
provenance = "github-attestations"

[[tools.node]]
version = "24.17.0"
backend = "core:node"

[tools.node."platforms.linux-arm64"]
checksum = "sha256:faa0d59ba7fe7045c950ed09b190578fb8eee73e4358686d38fcc99ca58c1480"
url = "https://nodejs.org/dist/v24.17.0/node-v24.17.0-linux-arm64.tar.gz"

[tools.node."platforms.linux-arm64-musl"]
checksum = "sha256:cc54f73a1a4108d9e325eb201d90b25eeab60edc92b2a13240b2877a74c596da"
url = "https://unofficial-builds.nodejs.org/download/release/v24.17.0/node-v24.17.0-linux-arm64-musl.tar.gz"

[tools.node."platforms.linux-x64"]
checksum = "sha256:e0472427aa791ad80bdc426ff7cc73cdd28ed0f616d1ff9689a23a7f47f1265f"
url = "https://nodejs.org/dist/v24.17.0/node-v24.17.0-linux-x64.tar.gz"

[tools.node."platforms.linux-x64-musl"]
checksum = "sha256:f884c958c0652f7cd0ea43fdc39dddd1a98456ea9b1adeca85964847e2e39fb0"
url = "https://unofficial-builds.nodejs.org/download/release/v24.17.0/node-v24.17.0-linux-x64-musl.tar.gz"

[tools.node."platforms.macos-arm64"]
checksum = "sha256:4fc3266a3702eebc39cc37661cf4eeceeade307e242ab64e4d7ce7949197e11f"
url = "https://nodejs.org/dist/v24.17.0/node-v24.17.0-darwin-arm64.tar.gz"

[tools.node."platforms.macos-x64"]
checksum = "sha256:80da552fe037290cb130e9dea590f5eeeb7aa450636f0c89ab41415511c1ec27"
url = "https://nodejs.org/dist/v24.17.0/node-v24.17.0-darwin-x64.tar.gz"

[tools.node."platforms.windows-x64"]
checksum = "sha256:f2aa33b35b75aca5f3f7b85675a6f6423201053e9381911e64961f3bda2528ab"
url = "https://nodejs.org/dist/v24.17.0/node-v24.17.0-win-x64.zip"

[[tools.pulumi]]
version = "3.248.0"
backend = "aqua:pulumi/pulumi"

[tools.pulumi."platforms.linux-arm64"]
checksum = "sha256:c0287edf11cac0f0f77378b17b843ef6cb7f39252c9fcc1d2ba62145d6d96d58"
url = "https://github.com/pulumi/pulumi/releases/download/v3.248.0/pulumi-v3.248.0-linux-arm64.tar.gz"
provenance = "cosign"

[tools.pulumi."platforms.linux-arm64-musl"]
checksum = "sha256:c0287edf11cac0f0f77378b17b843ef6cb7f39252c9fcc1d2ba62145d6d96d58"
url = "https://github.com/pulumi/pulumi/releases/download/v3.248.0/pulumi-v3.248.0-linux-arm64.tar.gz"
provenance = "cosign"

[tools.pulumi."platforms.linux-x64"]
checksum = "sha512:e26a4dd1d95f3f4ae7169e23cc86c2604b5481e327c02aaee7b3dd7b348d0fb58c9b37a4ee145b09e5abb4117a5e083315d3193ed5b0cc1854cee8d4bda220a0"
url = "https://github.com/pulumi/pulumi/releases/download/v3.248.0/pulumi-v3.248.0-linux-x64.tar.gz"
provenance = "cosign"

[tools.pulumi."platforms.linux-x64-musl"]
checksum = "sha256:a13732d8921f99d70b9ae270d79c3b575bb37707fce7486e64fef333afc11ae0"
url = "https://github.com/pulumi/pulumi/releases/download/v3.248.0/pulumi-v3.248.0-linux-x64.tar.gz"
provenance = "cosign"

[tools.pulumi."platforms.macos-arm64"]
checksum = "sha256:1c42c8e4c504c12e8cdce42a638ff47a4786afbaebf2f381563bb01f2fadbe48"
url = "https://github.com/pulumi/pulumi/releases/download/v3.248.0/pulumi-v3.248.0-darwin-arm64.tar.gz"
provenance = "cosign"

[tools.pulumi."platforms.macos-x64"]
checksum = "sha256:c0ddbbdf20dcee54b5c542106956fedb0c61b9b11f103a6e2a6d4df4bb64bc5a"
url = "https://github.com/pulumi/pulumi/releases/download/v3.248.0/pulumi-v3.248.0-darwin-x64.tar.gz"
provenance = "cosign"

[tools.pulumi."platforms.windows-x64"]
checksum = "sha256:d9d824dfd42194dc2231f9e3101484a2551b90af28c94e2f532555eadde1ec39"
url = "https://github.com/pulumi/pulumi/releases/download/v3.248.0/pulumi-v3.248.0-windows-x64.zip"
provenance = "cosign"

[[tools.python]]
version = "3.11.15"
backend = "core:python"

[tools.python."platforms.linux-arm64"]
checksum = "sha256:9ac18c9a761e91e6c6452bc0ef0082922a00a3fdec734555635d57c3169309b7"
url = "https://github.com/astral-sh/python-build-standalone/releases/download/20260623/cpython-3.11.15+20260623-aarch64-unknown-linux-gnu-install_only_stripped.tar.gz"
provenance = "github-attestations"

[tools.python."platforms.linux-arm64-musl"]
checksum = "sha256:bcd414f2e9d8cc5d4ac7fab2c8f912e30379c150fa6b94da19d64daf85cfc5d4"
url = "https://github.com/astral-sh/python-build-standalone/releases/download/20260623/cpython-3.11.15+20260623-aarch64-unknown-linux-musl-install_only_stripped.tar.gz"
provenance = "github-attestations"

[tools.python."platforms.linux-x64"]
checksum = "sha256:0604cd029b142dc223e131f17f5941c0c8d2d5074997c8178b515b19eea2a6c2"
url = "https://github.com/astral-sh/python-build-standalone/releases/download/20260623/cpython-3.11.15+20260623-x86_64-unknown-linux-gnu-install_only_stripped.tar.gz"
provenance = "github-attestations"

[tools.python."platforms.linux-x64-musl"]
checksum = "sha256:45bffdb320cf4a2c2dbf183b634aeb7e28f9cb0646f715b2f4117c11084d839a"
url = "https://github.com/astral-sh/python-build-standalone/releases/download/20260623/cpython-3.11.15+20260623-x86_64-unknown-linux-musl-install_only_stripped.tar.gz"
provenance = "github-attestations"

[tools.python."platforms.macos-arm64"]
checksum = "sha256:2318799eaf104f8a29bc09a93b0851b05dbbcb4ce9a5f045ddea169c0c7ff3a5"
url = "https://github.com/astral-sh/python-build-standalone/releases/download/20260623/cpython-3.11.15+20260623-aarch64-apple-darwin-install_only_stripped.tar.gz"
provenance = "github-attestations"

[tools.python."platforms.macos-x64"]
checksum = "sha256:4925e5aaa9bc77c85302d350b36c1d9def2002996a6bcfa55c88ba6eb318de29"
url = "https://github.com/astral-sh/python-build-standalone/releases/download/20260623/cpython-3.11.15+20260623-x86_64-apple-darwin-install_only_stripped.tar.gz"
provenance = "github-attestations"

[tools.python."platforms.windows-x64"]
checksum = "sha256:6589ca6d63f520bec4096d62b3ab91da3d0a80b16b594c99a6b677e335814683"
url = "https://github.com/astral-sh/python-build-standalone/releases/download/20260623/cpython-3.11.15+20260623-x86_64-pc-windows-msvc-install_only_stripped.tar.gz"
provenance = "github-attestations"

[[tools.uv]]
version = "0.11.24"
backend = "aqua:astral-sh/uv"

[tools.uv."platforms.linux-arm64"]
checksum = "sha256:222fcd9878ed6f5a8565d121d1a10e1f958e3c7b42e4ec5cbc6927b2be20cc1a"
url = "https://github.com/astral-sh/uv/releases/download/0.11.24/uv-aarch64-unknown-linux-musl.tar.gz"
provenance = "github-attestations"

[tools.uv."platforms.linux-arm64-musl"]
checksum = "sha256:222fcd9878ed6f5a8565d121d1a10e1f958e3c7b42e4ec5cbc6927b2be20cc1a"
url = "https://github.com/astral-sh/uv/releases/download/0.11.24/uv-aarch64-unknown-linux-musl.tar.gz"
provenance = "github-attestations"

[tools.uv."platforms.linux-x64"]
checksum = "sha256:2f9eaa976cf8ad8574623dde6916fb87ec047524fe65b99dc11e44e33eae4bfb"
url = "https://github.com/astral-sh/uv/releases/download/0.11.24/uv-x86_64-unknown-linux-musl.tar.gz"
provenance = "github-attestations"

[tools.uv."platforms.linux-x64-musl"]
checksum = "sha256:2f9eaa976cf8ad8574623dde6916fb87ec047524fe65b99dc11e44e33eae4bfb"
url = "https://github.com/astral-sh/uv/releases/download/0.11.24/uv-x86_64-unknown-linux-musl.tar.gz"
provenance = "github-attestations"

[tools.uv."platforms.macos-arm64"]
checksum = "sha256:7578c6087c5cd76981732b1f5d126248101faebdf81016ba780a65ce03653cdf"
url = "https://github.com/astral-sh/uv/releases/download/0.11.24/uv-aarch64-apple-darwin.tar.gz"
provenance = "github-attestations"

[tools.uv."platforms.macos-x64"]
checksum = "sha256:8e026ec796a2760c33c832298b0910bf07fb369d00cc075761c321923ac37522"
url = "https://github.com/astral-sh/uv/releases/download/0.11.24/uv-x86_64-apple-darwin.tar.gz"
provenance = "github-attestations"

[tools.uv."platforms.windows-x64"]
checksum = "sha256:af9573a2e36f7020b18ec5fdde20117aae74bbad3f4acb3dc3fc03319f1aa083"
url = "https://github.com/astral-sh/uv/releases/download/0.11.24/uv-x86_64-pc-windows-msvc.zip"
provenance = "github-attestations"
